{
  "version": "2",
  "remote": {
    "https://deno.land/std@0.167.0/_util/asserts.ts": "d0844e9b62510f89ce1f9878b046f6a57bf88f208a10304aab50efcb48365272",
    "https://deno.land/std@0.167.0/_util/os.ts": "8a33345f74990e627b9dfe2de9b040004b08ea5146c7c9e8fe9a29070d193934",
    "https://deno.land/std@0.167.0/fs/_util.ts": "fdc156f897197f261a1c096dcf8ff9267ed0ff42bd5b31f55053a4763a4bae3b",
    "https://deno.land/std@0.167.0/fs/copy.ts": "c6303e52f544c81271c929931f5b59c9cfa4f81930719d2d3f777188c38aac9f",
    "https://deno.land/std@0.167.0/fs/empty_dir.ts": "453d6232ff109f2afb5e57ec14c3228e399205c1b408d85536aed7230290c414",
    "https://deno.land/std@0.167.0/fs/ensure_dir.ts": "5e9e3d7da7fc5b5e391e6d9ccead17086d76e82fb46ccc7cc9b9ee3491bab6e0",
    "https://deno.land/std@0.167.0/fs/ensure_file.ts": "76ef3a8ebef60d8da1fc4316fcb8e20c1b6f52b1baed3a9692ad3b0d1a9a1b03",
    "https://deno.land/std@0.167.0/fs/ensure_link.ts": "adc8919063e26819f5971a0010fedc1bfd71d6350a24db1a36dff432bc35c7d7",
    "https://deno.land/std@0.167.0/fs/ensure_symlink.ts": "5273557b8c50be69477aa9cb003b54ff2240a336db52a40851c97abce76b96ab",
    "https://deno.land/std@0.167.0/fs/eol.ts": "6e784ff8120c8d5589cb258e56dc39bc5b408ac9827a2e914163cbf9f2e3ce92",
    "https://deno.land/std@0.167.0/fs/exists.ts": "6a447912e49eb79cc640adacfbf4b0baf8e17ede6d5bed057062ce33c4fa0d68",
    "https://deno.land/std@0.167.0/fs/expand_glob.ts": "3a92ee4921d2b063b8dfefd1d87c35bf81126f0f1cb16e5a0f4e9ecb88ec6fe3",
    "https://deno.land/std@0.167.0/fs/mod.ts": "79c209c6e66903b3426f9245a4f216380a0ed47ffe9d253f5a61a0bc9ad1f314",
    "https://deno.land/std@0.167.0/fs/move.ts": "02ab1fc9b744da8b496f406e9fc77b0bf7960b6faaa7ec9f5fb0a129e5bef215",
    "https://deno.land/std@0.167.0/fs/walk.ts": "677eac2e5386217a7a4e7526769ae28b41ff4ae7a3cd0389f3aa4eb662545edd",
    "https://deno.land/std@0.167.0/path/_constants.ts": "df1db3ffa6dd6d1252cc9617e5d72165cd2483df90e93833e13580687b6083c3",
    "https://deno.land/std@0.167.0/path/_interface.ts": "ee3b431a336b80cf445441109d089b70d87d5e248f4f90ff906820889ecf8d09",
    "https://deno.land/std@0.167.0/path/_util.ts": "d16be2a16e1204b65f9d0dfc54a9bc472cafe5f4a190b3c8471ec2016ccd1677",
    "https://deno.land/std@0.167.0/path/common.ts": "bee563630abd2d97f99d83c96c2fa0cca7cee103e8cb4e7699ec4d5db7bd2633",
    "https://deno.land/std@0.167.0/path/glob.ts": "81cc6c72be002cd546c7a22d1f263f82f63f37fe0035d9726aa96fc8f6e4afa1",
    "https://deno.land/std@0.167.0/path/mod.ts": "cf7cec7ac11b7048bb66af8ae03513e66595c279c65cfa12bfc07d9599608b78",
    "https://deno.land/std@0.167.0/path/posix.ts": "b859684bc4d80edfd4cad0a82371b50c716330bed51143d6dcdbe59e6278b30c",
    "https://deno.land/std@0.167.0/path/separator.ts": "fe1816cb765a8068afb3e8f13ad272351c85cbc739af56dacfc7d93d710fe0f9",
    "https://deno.land/std@0.167.0/path/win32.ts": "7cebd2bda6657371adc00061a1d23fdd87bcdf64b4843bb148b0b24c11b40f69",
    "https://deno.land/std@0.177.0/_util/asserts.ts": "178dfc49a464aee693a7e285567b3d0b555dc805ff490505a8aae34f9cfb1462",
    "https://deno.land/std@0.177.0/_util/os.ts": "d932f56d41e4f6a6093d56044e29ce637f8dcc43c5a90af43504a889cf1775e3",
    "https://deno.land/std@0.177.0/flags/mod.ts": "d1cdefa18472ef69858a17df5cf7c98445ed27ac10e1460183081303b0ebc270",
    "https://deno.land/std@0.177.0/fs/_util.ts": "65381f341af1ff7f40198cee15c20f59951ac26e51ddc651c5293e24f9ce6f32",
    "https://deno.land/std@0.177.0/fs/copy.ts": "14214efd94fc3aa6db1e4af2b4b9578e50f7362b7f3725d5a14ad259a5df26c8",
    "https://deno.land/std@0.177.0/fs/empty_dir.ts": "c3d2da4c7352fab1cf144a1ecfef58090769e8af633678e0f3fabaef98594688",
    "https://deno.land/std@0.177.0/fs/ensure_dir.ts": "724209875497a6b4628dfb256116e5651c4f7816741368d6c44aab2531a1e603",
    "https://deno.land/std@0.177.0/fs/ensure_file.ts": "c38602670bfaf259d86ca824a94e6cb9e5eb73757fefa4ebf43a90dd017d53d9",
    "https://deno.land/std@0.177.0/fs/ensure_link.ts": "c0f5b2f0ec094ed52b9128eccb1ee23362a617457aa0f699b145d4883f5b2fb4",
    "https://deno.land/std@0.177.0/fs/ensure_symlink.ts": "2955cc8332aeca9bdfefd05d8d3976b94e282b0f353392a71684808ed2ffdd41",
    "https://deno.land/std@0.177.0/fs/eol.ts": "f1f2eb348a750c34500741987b21d65607f352cf7205f48f4319d417fff42842",
    "https://deno.land/std@0.177.0/fs/exists.ts": "b8c8a457b71e9d7f29b9d2f87aad8dba2739cbe637e8926d6ba6e92567875f8e",
    "https://deno.land/std@0.177.0/fs/expand_glob.ts": "45d17e89796a24bd6002e4354eda67b4301bb8ba67d2cac8453cdabccf1d9ab0",
    "https://deno.land/std@0.177.0/fs/mod.ts": "bc3d0acd488cc7b42627044caf47d72019846d459279544e1934418955ba4898",
    "https://deno.land/std@0.177.0/fs/move.ts": "4cb47f880e3f0582c55e71c9f8b1e5e8cfaacb5e84f7390781dd563b7298ec19",
    "https://deno.land/std@0.177.0/fs/walk.ts": "ea95ffa6500c1eda6b365be488c056edc7c883a1db41ef46ec3bf057b1c0fe32",
    "https://deno.land/std@0.177.0/path/_constants.ts": "e49961f6f4f48039c0dfed3c3f93e963ca3d92791c9d478ac5b43183413136e0",
    "https://deno.land/std@0.177.0/path/_interface.ts": "6471159dfbbc357e03882c2266d21ef9afdb1e4aa771b0545e90db58a0ba314b",
    "https://deno.land/std@0.177.0/path/_util.ts": "d7abb1e0dea065f427b89156e28cdeb32b045870acdf865833ba808a73b576d0",
    "https://deno.land/std@0.177.0/path/common.ts": "ee7505ab01fd22de3963b64e46cff31f40de34f9f8de1fff6a1bd2fe79380000",
    "https://deno.land/std@0.177.0/path/glob.ts": "d479e0a695621c94d3fd7fe7abd4f9499caf32a8de13f25073451c6ef420a4e1",
    "https://deno.land/std@0.177.0/path/mod.ts": "4b83694ac500d7d31b0cdafc927080a53dc0c3027eb2895790fb155082b0d232",
    "https://deno.land/std@0.177.0/path/posix.ts": "8b7c67ac338714b30c816079303d0285dd24af6b284f7ad63da5b27372a2c94d",
    "https://deno.land/std@0.177.0/path/separator.ts": "0fb679739d0d1d7bf45b68dacfb4ec7563597a902edbaf3c59b50d5bcadd93b1",
    "https://deno.land/std@0.177.0/path/win32.ts": "d186344e5583bcbf8b18af416d13d82b35a317116e6460a5a3953508c3de5bba",
    "https://deno.land/std@0.180.0/_util/asserts.ts": "178dfc49a464aee693a7e285567b3d0b555dc805ff490505a8aae34f9cfb1462",
    "https://deno.land/std@0.180.0/_util/os.ts": "d932f56d41e4f6a6093d56044e29ce637f8dcc43c5a90af43504a889cf1775e3",
    "https://deno.land/std@0.180.0/path/_constants.ts": "e49961f6f4f48039c0dfed3c3f93e963ca3d92791c9d478ac5b43183413136e0",
    "https://deno.land/std@0.180.0/path/_interface.ts": "6471159dfbbc357e03882c2266d21ef9afdb1e4aa771b0545e90db58a0ba314b",
    "https://deno.land/std@0.180.0/path/_util.ts": "d7abb1e0dea065f427b89156e28cdeb32b045870acdf865833ba808a73b576d0",
    "https://deno.land/std@0.180.0/path/common.ts": "ee7505ab01fd22de3963b64e46cff31f40de34f9f8de1fff6a1bd2fe79380000",
    "https://deno.land/std@0.180.0/path/glob.ts": "d479e0a695621c94d3fd7fe7abd4f9499caf32a8de13f25073451c6ef420a4e1",
    "https://deno.land/std@0.180.0/path/mod.ts": "4b83694ac500d7d31b0cdafc927080a53dc0c3027eb2895790fb155082b0d232",
    "https://deno.land/std@0.180.0/path/posix.ts": "8b7c67ac338714b30c816079303d0285dd24af6b284f7ad63da5b27372a2c94d",
    "https://deno.land/std@0.180.0/path/separator.ts": "0fb679739d0d1d7bf45b68dacfb4ec7563597a902edbaf3c59b50d5bcadd93b1",
    "https://deno.land/std@0.180.0/path/win32.ts": "d186344e5583bcbf8b18af416d13d82b35a317116e6460a5a3953508c3de5bba",
    "https://deno.land/std@0.191.0/async/deferred.ts": "42790112f36a75a57db4a96d33974a936deb7b04d25c6084a9fa8a49f135def8",
    "https://deno.land/std@0.191.0/async/mux_async_iterator.ts": "70c7f2ee4e9466161350473ad61cac0b9f115cff4c552eaa7ef9d50c4cbb4cc9",
    "https://deno.land/std@0.191.0/signal/mod.ts": "8f32cf3380169e123a4a8521f7c84a323bcf266be3b5792325945daf3a417b2b",
    "https://deno.land/std@0.99.0/_util/assert.ts": "2f868145a042a11d5ad0a3c748dcf580add8a0dbc0e876eaa0026303a5488f58",
    "https://deno.land/std@0.99.0/hash/sha1.ts": "1cca324b4b253885a47f121adafcfac55b4cc96113e22b338e1db26f37a730b8",
    "https://deno.land/std@0.99.0/uuid/_common.ts": "e985d221890ce301e8dfef4e7cbd01ff45b64886f6ca65ff3f03e64d8a5ff2b5",
    "https://deno.land/std@0.99.0/uuid/mod.ts": "20e2a8209ec811fd8bf7218e83cf2d666556cdc947435b393f7f8edb9dcf14a4",
    "https://deno.land/std@0.99.0/uuid/v1.ts": "3b242479ab2da5a6f5cdbbfeaa5db7a31966e688237f372ff50e489b93a9be07",
    "https://deno.land/std@0.99.0/uuid/v4.ts": "949cadb3df3695770b41e08d5feb59401b10be73938c85542d27b8e6d14045f4",
    "https://deno.land/std@0.99.0/uuid/v5.ts": "6b17fb670d608cfb545282c4940800ff4eb603ee16b0f92c576f483fd4112ed6",
    "https://deno.land/x/deno_cli_format@v0.1.0/block.ts": "baf4580263d2cde39749aa5b60f10472455be7218f6df3275ae3240309404edf",
    "https://deno.land/x/deno_cli_format@v0.1.0/mod.ts": "a2074a85662893f26898450270527c018a544b41d441af8981b7076d361db50d",
    "https://deno.land/x/deno_cli_format@v0.1.0/multi_column_layout_block.ts": "f50709ad13728c21c9d1ac24cd31ca546901c4586f163529f2ba2be96def27ef",
    "https://deno.land/x/deno_cli_format@v0.1.0/util.ts": "8f0b78758881092dad3228439766cade63e90a2c713c9fa89f06abfd589764f4",
    "https://deno.land/x/exec@0.0.5/mod.ts": "2a71f7e23e25be883275b22d872bbd2c3dfa3058934f1f156c8663fb81f5894f",
    "https://deno.land/x/hort_cli@v0.1.0-alpha.4/argument.ts": "fff1b32572ba8f978b2f036e243ea914a220bc40188474b88291539bddbbcbc3",
    "https://deno.land/x/hort_cli@v0.1.0-alpha.4/deps.ts": "c74065f1b69b1c5e65139e98c9685dfdcc1e1822c524bd01fd7f3a6e24404a4c",
    "https://deno.land/x/hort_cli@v0.1.0-alpha.4/mod.ts": "1637d204c639038a8f9c08efa29a5ca237e087f6389fdf35a91857801b485df8",
    "https://deno.land/x/hort_cli@v0.1.0-alpha.4/mountSubTasks.ts": "715f6a10e76a147d1bf4e9781f6a3b2d6d0ee31eccd1b6d0a0734394a990f5b6",
    "https://deno.land/x/hort_cli@v0.1.0-alpha.4/option.ts": "cbd16e4ecf6eee2745193ed79b3d17ad251e4be4cc8d31aba350892e03747578",
    "https://deno.land/x/hort_cli@v0.1.0-alpha.4/runner.ts": "dbed8f065155bb6bd5fab1ac9df21a2c88a3f3624ddbf84829b66a258b71608c",
    "https://deno.land/x/hort_cli@v0.1.0-alpha.4/shared/types.ts": "39aca0178ad6550b1439c44544964344ac318c4e903f63de64c8186f0eea77be",
    "https://deno.land/x/hort_cli@v0.1.0-alpha.4/shared/util.ts": "0231500b7c19e5a270353a324d48c0921369ad3aea10acb79b52fd5b6c7bd1d4",
    "https://deno.land/x/hort_cli@v0.1.0-alpha.4/task.ts": "650b581e0ee89222a50e388c0857f17cc0632d8d46c3d054f9a9721d5191c7e7",
    "https://deno.land/x/hort_cli@v0.2.0-alpha/argument.ts": "c8c09cdb3a01305f31dac434b491ea670d3a56848b0744be4f49879078292792",
    "https://deno.land/x/hort_cli@v0.2.0-alpha/deps.ts": "f0ec9cac3ee5345d12989ac35f91eafa8cade02c39c313d143d5c502f3fa74a0",
    "https://deno.land/x/hort_cli@v0.2.0-alpha/mod.ts": "a22697f4e17eb2f51c1442287a1cbd280895da6af17e2703b22b30a8a5d3a2d9",
    "https://deno.land/x/hort_cli@v0.2.0-alpha/option.ts": "028623e1e70644c2cc01f54b30d828bd2f4ce9da2e45a46fc9d4a55ebf94a600",
    "https://deno.land/x/hort_cli@v0.2.0-alpha/runner.ts": "efbae44f78463dd33f6258c7c80dd1824806dc89ecd37101367bce433c05bbf4",
    "https://deno.land/x/hort_cli@v0.2.0-alpha/shared/directory.ts": "8f018aa339dc563547d8788f5275c5ed1309c58735dabb7432e3a7a92ff471f7",
    "https://deno.land/x/hort_cli@v0.2.0-alpha/shared/types.ts": "d25c8ceee3c3288934dd0a5454d4037990694063c9da103d0fecee06819f99c0",
    "https://deno.land/x/hort_cli@v0.2.0-alpha/shared/util.ts": "800b0034217ee5e9b551b70c1e49a7fa4e64a833bea9f9be11587287f0588e9c",
    "https://deno.land/x/hort_cli@v0.2.0-alpha/task.ts": "56e1cc69bd6ad82c13c2f2a0761ad73aeef26f1d09a5551ecc78431c42b47c57",
    "https://deno.land/x/openai@1.3.0/mod.ts": "33d22d2e4612a1a2f0ca2f395c806587f4201532d57ee609b34c91b491ee8496",
    "https://deno.land/x/openai@1.3.0/src/openai.ts": "e8a330fd775a814f7c1fca2a78c7139895510ad2925ed96e30724137b1ea132c",
    "https://deno.land/x/openai@1.3.0/src/types.ts": "175d79ea6f5c351134f8b5cdd01b8c548ebcd13c063601602a30905634a2ee19"
  }
}
